{
	"name": "ut-code",
	"version": "2.0.0",
	"lockfileVersion": 2,
	"requires": true,
	"packages": {
		"": {
			"name": "ut-code",
			"version": "1.0.0",
			"license": "ISC",
			"dependencies": {
				"commander": "^9.2.0"
			},
			"bin": {
				"ut-code": "dist/index.js"
			},
			"devDependencies": {
				"@types/node": "^17.0.35",
				"esbuild": "0.8.26",
				"typescript": "^4.6.4"
			}
		},
		"node_modules/@types/node": {
			"version": "17.0.35",
			"resolved": "https://registry.npmjs.org/@types/node/-/node-17.0.35.tgz",
			"integrity": "sha512-vu1SrqBjbbZ3J6vwY17jBs8Sr/BKA+/a/WtjRG+whKg1iuLFOosq872EXS0eXWILdO36DHQQeku/ZcL6hz2fpg==",
			"dev": true
		},
		"node_modules/commander": {
			"version": "9.2.0",
			"resolved": "https://registry.npmjs.org/commander/-/commander-9.2.0.tgz",
			"integrity": "sha512-e2i4wANQiSXgnrBlIatyHtP1odfUp0BbV5Y5nEGbxtIrStkEOAAzCUirvLBNXHLr7kwLvJl6V+4V3XV9x7Wd9w==",
			"engines": {
				"node": "^12.20.0 || >=14"
			}
		},
		"node_modules/esbuild": {
			"version": "0.8.26",
			"resolved": "https://registry.npmjs.org/esbuild/-/esbuild-0.8.26.tgz",
			"integrity": "sha512-u3MMHOOumdWoAKF+073GHPpzvVB2cM+y9VD4ZwYs1FAQ6atRPISya35dbrbOu/mM68mQ42P+nwPzQVBTfQhkvQ==",
			"dev": true,
			"hasInstallScript": true,
			"bin": {
				"esbuild": "bin/esbuild"
			}
		},
		"node_modules/typescript": {
			"version": "4.6.4",
			"resolved": "https://registry.npmjs.org/typescript/-/typescript-4.6.4.tgz",
			"integrity": "sha512-9ia/jWHIEbo49HfjrLGfKbZSuWo9iTMwXO+Ca3pRsSpbsMbc7/IU8NKdCZVRRBafVPGnoJeFL76ZOAA84I9fEg==",
			"dev": true,
			"bin": {
				"tsc": "bin/tsc",
				"tsserver": "bin/tsserver"
			},
			"engines": {
				"node": ">=4.2.0"
			}
		}
	},
	"dependencies": {
		"@types/node": {
			"version": "17.0.35",
			"resolved": "https://registry.npmjs.org/@types/node/-/node-17.0.35.tgz",
			"integrity": "sha512-vu1SrqBjbbZ3J6vwY17jBs8Sr/BKA+/a/WtjRG+whKg1iuLFOosq872EXS0eXWILdO36DHQQeku/ZcL6hz2fpg==",
			"dev": true
		},
		"commander": {
			"version": "9.2.0",
			"resolved": "https://registry.npmjs.org/commander/-/commander-9.2.0.tgz",
			"integrity": "sha512-e2i4wANQiSXgnrBlIatyHtP1odfUp0BbV5Y5nEGbxtIrStkEOAAzCUirvLBNXHLr7kwLvJl6V+4V3XV9x7Wd9w=="
		},
		"esbuild": {
			"version": "0.8.26",
			"resolved": "https://registry.npmjs.org/esbuild/-/esbuild-0.8.26.tgz",
			"integrity": "sha512-u3MMHOOumdWoAKF+073GHPpzvVB2cM+y9VD4ZwYs1FAQ6atRPISya35dbrbOu/mM68mQ42P+nwPzQVBTfQhkvQ==",
			"dev": true
		},
		"typescript": {
			"version": "4.6.4",
			"resolved": "https://registry.npmjs.org/typescript/-/typescript-4.6.4.tgz",
			"integrity": "sha512-9ia/jWHIEbo49HfjrLGfKbZSuWo9iTMwXO+Ca3pRsSpbsMbc7/IU8NKdCZVRRBafVPGnoJeFL76ZOAA84I9fEg==",
			"dev": true
		}
	}
}
